
Microsoft Visual Studio Solution File, Format Version 12.00
# Visual Studio Version 16
VisualStudioVersion = 16.0.29009.5
MinimumVisualStudioVersion = 10.0.40219.1
Project("{9A19103F-16F7-4668-BE54-9A1E7A4F7556}") = "Cardify.Logic", "Cardify.Logic.csproj", "{4A2E597E-807D-40E2-87E2-31BC1D9F57C5}"
EndProject
Global
	GlobalSection(SolutionConfigurationPlatforms) = preSolution
		Debug|Any CPU = Debug|Any CPU
		Release|Any CPU = Release|Any CPU
	EndGlobalSection
	GlobalSection(ProjectConfigurationPlatforms) = postSolution
		{4A2E597E-807D-40E2-87E2-31BC1D9F57C5}.Debug|Any CPU.ActiveCfg = Debug|Any CPU
		{4A2E597E-807D-40E2-87E2-31BC1D9F57C5}.Debug|Any CPU.Build.0 = Debug|Any CPU
		{4A2E597E-807D-40E2-87E2-31BC1D9F57C5}.Release|Any CPU.ActiveCfg = Release|Any CPU
		{4A2E597E-807D-40E2-87E2-31BC1D9F57C5}.Release|Any CPU.Build.0 = Release|Any CPU
	EndGlobalSection
	GlobalSection(SolutionProperties) = preSolution
		HideSolutionNode = FALSE
	EndGlobalSection
	GlobalSection(ExtensibilityGlobals) = postSolution
		SolutionGuid = {F3C63D11-2BBF-4921-AA53-2D4446841FF7}
	EndGlobalSection
EndGlobal
