
Microsoft Visual Studio Solution File, Format Version 11.00
# Visual Studio 2010
Project("{FAE04EC0-301F-11D3-BF4B-00C04F79EFBC}") = "VuforiaScripts", "VuforiaScripts.csproj", "{4945070B-B2F4-60B0-C7D3-1151311CF637}"
EndProject
Project("{FAE04EC0-301F-11D3-BF4B-00C04F79EFBC}") = "Assembly-CSharp", "Assembly-CSharp.csproj", "{A1A1036A-E96C-5AC8-F348-CDE458C2D0BA}"
EndProject
Project("{FAE04EC0-301F-11D3-BF4B-00C04F79EFBC}") = "VuforiaEditorScripts", "VuforiaEditorScripts.csproj", "{EC73A776-F5BE-1789-A111-EBE0F0CAE8CC}"
EndProject
Global
	GlobalSection(SolutionConfigurationPlatforms) = preSolution
		Debug|Any CPU = Debug|Any CPU
		Release|Any CPU = Release|Any CPU
	EndGlobalSection
	GlobalSection(ProjectConfigurationPlatforms) = postSolution
		{4945070B-B2F4-60B0-C7D3-1151311CF637}.Debug|Any CPU.ActiveCfg = Debug|Any CPU
		{4945070B-B2F4-60B0-C7D3-1151311CF637}.Debug|Any CPU.Build.0 = Debug|Any CPU
		{4945070B-B2F4-60B0-C7D3-1151311CF637}.Release|Any CPU.ActiveCfg = Release|Any CPU
		{4945070B-B2F4-60B0-C7D3-1151311CF637}.Release|Any CPU.Build.0 = Release|Any CPU
		{A1A1036A-E96C-5AC8-F348-CDE458C2D0BA}.Debug|Any CPU.ActiveCfg = Debug|Any CPU
		{A1A1036A-E96C-5AC8-F348-CDE458C2D0BA}.Debug|Any CPU.Build.0 = Debug|Any CPU
		{A1A1036A-E96C-5AC8-F348-CDE458C2D0BA}.Release|Any CPU.ActiveCfg = Release|Any CPU
		{A1A1036A-E96C-5AC8-F348-CDE458C2D0BA}.Release|Any CPU.Build.0 = Release|Any CPU
		{EC73A776-F5BE-1789-A111-EBE0F0CAE8CC}.Debug|Any CPU.ActiveCfg = Debug|Any CPU
		{EC73A776-F5BE-1789-A111-EBE0F0CAE8CC}.Debug|Any CPU.Build.0 = Debug|Any CPU
		{EC73A776-F5BE-1789-A111-EBE0F0CAE8CC}.Release|Any CPU.ActiveCfg = Release|Any CPU
		{EC73A776-F5BE-1789-A111-EBE0F0CAE8CC}.Release|Any CPU.Build.0 = Release|Any CPU
	EndGlobalSection
	GlobalSection(SolutionProperties) = preSolution
		HideSolutionNode = FALSE
	EndGlobalSection
	GlobalSection(MonoDevelopProperties) = preSolution
		StartupItem = Assembly-CSharp.csproj
	EndGlobalSection
EndGlobal
